
Microsoft Visual Studio Solution File, Format Version 12.00
# Visual Studio 15
VisualStudioVersion = 15.0.27703.2042
MinimumVisualStudioVersion = 10.0.40219.1
Project("{8BC9CEB8-8B4A-11D0-8D11-00A0C91BC942}") = "dmx512Transition", "dmx512Transition\dmx512Transition.vcxproj", "{82B04789-49CA-4E28-9304-A61AFAD4EEB0}"
EndProject
Global
	GlobalSection(SolutionConfigurationPlatforms) = preSolution
		Debug|x86 = Debug|x86
		Release|x86 = Release|x86
	EndGlobalSection
	GlobalSection(ProjectConfigurationPlatforms) = postSolution
		{82B04789-49CA-4E28-9304-A61AFAD4EEB0}.Debug|x64.ActiveCfg = Debug|Win32
		{82B04789-49CA-4E28-9304-A61AFAD4EEB0}.Debug|x86.ActiveCfg = Debug|Win32
		{82B04789-49CA-4E28-9304-A61AFAD4EEB0}.Debug|x86.Build.0 = Debug|Win32
		{82B04789-49CA-4E28-9304-A61AFAD4EEB0}.Release|x64.ActiveCfg = Release|Win32
		{82B04789-49CA-4E28-9304-A61AFAD4EEB0}.Release|x86.ActiveCfg = Release|Win32
		{82B04789-49CA-4E28-9304-A61AFAD4EEB0}.Release|x86.Build.0 = Release|Win32
	EndGlobalSection
	GlobalSection(SolutionProperties) = preSolution
		HideSolutionNode = FALSE
	EndGlobalSection
	GlobalSection(ExtensibilityGlobals) = postSolution
		SolutionGuid = {82EAC666-3505-4927-96F1-5BFF52A49C31}
	EndGlobalSection
EndGlobal
